
Microsoft Visual Studio Solution File, Format Version 12.00
# Visual Studio Version 17
VisualStudioVersion = 17.14.36202.13 d17.14
MinimumVisualStudioVersion = 10.0.40219.1
Project("{FAE04EC0-301F-11D3-BF4B-00C04F79EFBC}") = "SimpletonChessEngine", "SimpletonChessEngine.csproj", "{E7F1D26E-4DD9-425A-ACF7-74C016F22FE6}"
EndProject
Global
	GlobalSection(SolutionConfigurationPlatforms) = preSolution
		Debug|Any CPU = Debug|Any CPU
		Release|Any CPU = Release|Any CPU
	EndGlobalSection
	GlobalSection(ProjectConfigurationPlatforms) = postSolution
		{E7F1D26E-4DD9-425A-ACF7-74C016F22FE6}.Debug|Any CPU.ActiveCfg = Debug|Any CPU
		{E7F1D26E-4DD9-425A-ACF7-74C016F22FE6}.Debug|Any CPU.Build.0 = Debug|Any CPU
		{E7F1D26E-4DD9-425A-ACF7-74C016F22FE6}.Release|Any CPU.ActiveCfg = Release|Any CPU
		{E7F1D26E-4DD9-425A-ACF7-74C016F22FE6}.Release|Any CPU.Build.0 = Release|Any CPU
	EndGlobalSection
	GlobalSection(SolutionProperties) = preSolution
		HideSolutionNode = FALSE
	EndGlobalSection
	GlobalSection(ExtensibilityGlobals) = postSolution
		SolutionGuid = {2B0D7AEF-1A37-4026-8F04-39219B84E00C}
	EndGlobalSection
EndGlobal
